
Microsoft Visual Studio Solution File, Format Version 12.00
# Visual Studio Version 17
VisualStudioVersion = 17.3.32922.545
MinimumVisualStudioVersion = 10.0.40219.1
Project("{9A19103F-16F7-4668-BE54-9A1E7A4F7556}") = "FileValidation.API", "FileValidation.API\FileValidation.API.csproj", "{FC11A0E7-A6A8-40A4-8F02-ED0A6AEC317F}"
EndProject
Global
	GlobalSection(SolutionConfigurationPlatforms) = preSolution
		Debug|Any CPU = Debug|Any CPU
		Release|Any CPU = Release|Any CPU
	EndGlobalSection
	GlobalSection(ProjectConfigurationPlatforms) = postSolution
		{FC11A0E7-A6A8-40A4-8F02-ED0A6AEC317F}.Debug|Any CPU.ActiveCfg = Debug|Any CPU
		{FC11A0E7-A6A8-40A4-8F02-ED0A6AEC317F}.Debug|Any CPU.Build.0 = Debug|Any CPU
		{FC11A0E7-A6A8-40A4-8F02-ED0A6AEC317F}.Release|Any CPU.ActiveCfg = Release|Any CPU
		{FC11A0E7-A6A8-40A4-8F02-ED0A6AEC317F}.Release|Any CPU.Build.0 = Release|Any CPU
	EndGlobalSection
	GlobalSection(SolutionProperties) = preSolution
		HideSolutionNode = FALSE
	EndGlobalSection
	GlobalSection(ExtensibilityGlobals) = postSolution
		SolutionGuid = {C80ED868-6976-44AA-BA2C-1BAF03E44E33}
	EndGlobalSection
EndGlobal
